{
  "name": "master-lenguajes-1",
  "version": "1.0.0",
  "lockfileVersion": 2,
  "requires": true,
  "packages": {
    "": {
      "name": "master-lenguajes-1",
      "version": "1.0.0",
      "license": "ISC",
      "dependencies": {
        "colors.ts": "^1.0.20",
        "typescript": "^4.5.5"
      },
      "devDependencies": {}
    },
    "node_modules/colors.ts": {
      "version": "1.0.20",
      "resolved": "https://registry.npmjs.org/colors.ts/-/colors.ts-1.0.20.tgz",
      "integrity": "sha512-MnVQgqGe3S7KLlK0v7rsLQciRgB4NzfRPZ4OZuu8SWNgyJuV651pMqCq7LvJ7eQO586RVspwYvK2ere7xX/m1A=="
    },
    "node_modules/typescript": {
      "version": "4.5.5",
      "resolved": "https://registry.npmjs.org/typescript/-/typescript-4.5.5.tgz",
      "integrity": "sha512-TCTIul70LyWe6IJWT8QSYeA54WQe8EjQFU4wY52Fasj5UKx88LNYKCgBEHcOMOrFF1rKGbD8v/xcNWVUq9SymA==",
      "bin": {
        "tsc": "bin/tsc",
        "tsserver": "bin/tsserver"
      },
      "engines": {
        "node": ">=4.2.0"
      }
    }
  },
  "dependencies": {
    "colors.ts": {
      "version": "1.0.20",
      "resolved": "https://registry.npmjs.org/colors.ts/-/colors.ts-1.0.20.tgz",
      "integrity": "sha512-MnVQgqGe3S7KLlK0v7rsLQciRgB4NzfRPZ4OZuu8SWNgyJuV651pMqCq7LvJ7eQO586RVspwYvK2ere7xX/m1A=="
    },
    "typescript": {
      "version": "4.5.5",
      "resolved": "https://registry.npmjs.org/typescript/-/typescript-4.5.5.tgz",
      "integrity": "sha512-TCTIul70LyWe6IJWT8QSYeA54WQe8EjQFU4wY52Fasj5UKx88LNYKCgBEHcOMOrFF1rKGbD8v/xcNWVUq9SymA=="
    }
  }
}
